<?xml version="1.0" encoding="utf-8"?>
<Project ToolsVersion="4.0" xmlns="http://schemas.microsoft.com/developer/msbuild/2003">
  <ItemGroup>
    <Filter Include="Source Files">
      <UniqueIdentifier>{4FC737F1-C7A5-4376-A066-2A32D752A2FF}</UniqueIdentifier>
      <Extensions>cpp;c;cc;cxx;def;odl;idl;hpj;bat;asm;asmx</Extensions>
    </Filter>
    <Filter Include="Header Files">
      <UniqueIdentifier>{93995380-89BD-4b04-88EB-625FBE52EBFB}</UniqueIdentifier>
      <Extensions>h;hpp;hxx;hm;inl;inc;xsd</Extensions>
    </Filter>
    <Filter Include="Resource Files">
      <UniqueIdentifier>{67DA6AB6-F800-4c08-8B7A-83BB121AAD01}</UniqueIdentifier>
      <Extensions>rc;ico;cur;bmp;dlg;rc2;rct;bin;rgs;gif;jpg;jpeg;jpe;resx;tiff;tif;png;wav</Extensions>
    </Filter>
  </ItemGroup>
  <ItemGroup>
    <ClCompile Include="..\src\abbrev.c">
      <Filter>Source Files</Filter>
    </ClCompile>
    <ClCompile Include="..\src\basic.c">
      <Filter>Source Files</Filter>
    </ClCompile>
    <ClCompile Include="..\src\bind.c">
      <Filter>Source Files</Filter>
    </ClCompile>
    <ClCompile Include="..\src\buffer.c">
      <Filter>Source Files</Filter>
    </ClCompile>
    <ClCompile Include="..\src\crypt.c">
      <Filter>Source Files</Filter>
    </ClCompile>
    <ClCompile Include="..\src\dirlist.c">
      <Filter>Source Files</Filter>
    </ClCompile>
    <ClCompile Include="..\src\display.c">
      <Filter>Source Files</Filter>
    </ClCompile>
    <ClCompile Include="..\src\eval.c">
      <Filter>Source Files</Filter>
    </ClCompile>
    <ClCompile Include="..\src\exec.c">
      <Filter>Source Files</Filter>
    </ClCompile>
    <ClCompile Include="..\src\file.c">
      <Filter>Source Files</Filter>
    </ClCompile>
    <ClCompile Include="..\src\fileio.c">
      <Filter>Source Files</Filter>
    </ClCompile>
    <ClCompile Include="..\src\frame.c">
      <Filter>Source Files</Filter>
    </ClCompile>
    <ClCompile Include="..\src\hilight.c">
      <Filter>Source Files</Filter>
    </ClCompile>
    <ClCompile Include="..\src\history.c">
      <Filter>Source Files</Filter>
    </ClCompile>
    <ClCompile Include="..\src\input.c">
      <Filter>Source Files</Filter>
    </ClCompile>
    <ClCompile Include="..\src\isearch.c">
      <Filter>Source Files</Filter>
    </ClCompile>
    <ClCompile Include="..\src\key.c">
      <Filter>Source Files</Filter>
    </ClCompile>
    <ClCompile Include="..\src\line.c">
      <Filter>Source Files</Filter>
    </ClCompile>
    <ClCompile Include="..\src\macro.c">
      <Filter>Source Files</Filter>
    </ClCompile>
    <ClCompile Include="..\src\main.c">
      <Filter>Source Files</Filter>
    </ClCompile>
    <ClCompile Include="..\src\narrow.c">
      <Filter>Source Files</Filter>
    </ClCompile>
    <ClCompile Include="..\src\next.c">
      <Filter>Source Files</Filter>
    </ClCompile>
    <ClCompile Include="..\src\osd.c">
      <Filter>Source Files</Filter>
    </ClCompile>
    <ClCompile Include="..\src\print.c">
      <Filter>Source Files</Filter>
    </ClCompile>
    <ClCompile Include="..\src\random.c">
      <Filter>Source Files</Filter>
    </ClCompile>
    <ClCompile Include="..\src\regex.c">
      <Filter>Source Files</Filter>
    </ClCompile>
    <ClCompile Include="..\src\region.c">
      <Filter>Source Files</Filter>
    </ClCompile>
    <ClCompile Include="..\src\registry.c">
      <Filter>Source Files</Filter>
    </ClCompile>
    <ClCompile Include="..\src\search.c">
      <Filter>Source Files</Filter>
    </ClCompile>
    <ClCompile Include="..\src\spawn.c">
      <Filter>Source Files</Filter>
    </ClCompile>
    <ClCompile Include="..\src\spell.c">
      <Filter>Source Files</Filter>
    </ClCompile>
    <ClCompile Include="..\src\tag.c">
      <Filter>Source Files</Filter>
    </ClCompile>
    <ClCompile Include="..\src\termio.c">
      <Filter>Source Files</Filter>
    </ClCompile>
    <ClCompile Include="..\src\time.c">
      <Filter>Source Files</Filter>
    </ClCompile>
    <ClCompile Include="..\src\undo.c">
      <Filter>Source Files</Filter>
    </ClCompile>
    <ClCompile Include="..\src\window.c">
      <Filter>Source Files</Filter>
    </ClCompile>
    <ClCompile Include="..\src\winprint.c">
      <Filter>Source Files</Filter>
    </ClCompile>
    <ClCompile Include="..\src\winterm.c">
      <Filter>Source Files</Filter>
    </ClCompile>
    <ClCompile Include="..\src\word.c">
      <Filter>Source Files</Filter>
    </ClCompile>
  </ItemGroup>
  <ItemGroup>
    <None Include="..\src\ebind.def">
      <Filter>Source Files</Filter>
    </None>
    <None Include="..\src\efunc.def">
      <Filter>Source Files</Filter>
    </None>
    <None Include="..\src\emode.def">
      <Filter>Source Files</Filter>
    </None>
    <None Include="..\src\eprint.def">
      <Filter>Source Files</Filter>
    </None>
    <None Include="..\src\eskeys.def">
      <Filter>Source Files</Filter>
    </None>
    <None Include="..\src\etermcap.def">
      <Filter>Source Files</Filter>
    </None>
    <None Include="..\src\evar.def">
      <Filter>Source Files</Filter>
    </None>
  </ItemGroup>
  <ItemGroup>
    <ClInclude Include="..\src\ebind.h">
      <Filter>Header Files</Filter>
    </ClInclude>
    <ClInclude Include="..\src\edef.h">
      <Filter>Header Files</Filter>
    </ClInclude>
    <ClInclude Include="..\src\eextrn.h">
      <Filter>Header Files</Filter>
    </ClInclude>
    <ClInclude Include="..\src\efunc.h">
      <Filter>Header Files</Filter>
    </ClInclude>
    <ClInclude Include="..\src\emain.h">
      <Filter>Header Files</Filter>
    </ClInclude>
    <ClInclude Include="..\src\emode.h">
      <Filter>Header Files</Filter>
    </ClInclude>
    <ClInclude Include="..\src\eopt.h">
      <Filter>Header Files</Filter>
    </ClInclude>
    <ClInclude Include="..\src\eprint.h">
      <Filter>Header Files</Filter>
    </ClInclude>
    <ClInclude Include="..\src\esearch.h">
      <Filter>Header Files</Filter>
    </ClInclude>
    <ClInclude Include="..\src\eskeys.h">
      <Filter>Header Files</Filter>
    </ClInclude>
    <ClInclude Include="..\src\estruct.h">
      <Filter>Header Files</Filter>
    </ClInclude>
    <ClInclude Include="..\src\eterm.h">
      <Filter>Header Files</Filter>
    </ClInclude>
    <ClInclude Include="..\src\evar.h">
      <Filter>Header Files</Filter>
    </ClInclude>
    <ClInclude Include="..\src\evers.h">
      <Filter>Header Files</Filter>
    </ClInclude>
    <ClInclude Include="..\src\winterm.h">
      <Filter>Header Files</Filter>
    </ClInclude>
    <ClInclude Include="..\src\wintermr.h">
      <Filter>Header Files</Filter>
    </ClInclude>
  </ItemGroup>
  <ItemGroup>
    <ResourceCompile Include="..\src\me.rc">
      <Filter>Resource Files</Filter>
    </ResourceCompile>
  </ItemGroup>
</Project>